
Microsoft Visual Studio Solution File, Format Version 12.00
# Visual Studio 15
VisualStudioVersion = 15.0.36001.139
MinimumVisualStudioVersion = 10.0.40219.1
Project("{8BC9CEB8-8B4A-11D0-8D11-00A0C91BC942}") = "Functions", "Functions\Functions.vcxproj", "{BD4D5012-E13D-4B32-84D9-72998D21AB5D}"
EndProject
Project("{8BC9CEB8-8B4A-11D0-8D11-00A0C91BC942}") = "Arrays", "Arrays\Arrays.vcxproj", "{B85D157E-70F7-4162-BB93-1C63E1B943FE}"
EndProject
Project("{8BC9CEB8-8B4A-11D0-8D11-00A0C91BC942}") = "HomeWork", "HomeWork\HomeWork.vcxproj", "{18C40244-9093-46E3-9ACA-D8C599DF82FC}"
EndProject
Project("{8BC9CEB8-8B4A-11D0-8D11-00A0C91BC942}") = "CheckLIB", "CheckLIB\CheckLIB.vcxproj", "{2DDE1B9F-CDCB-4D07-8F4A-87C02E59026B}"
EndProject
Global
	GlobalSection(SolutionConfigurationPlatforms) = preSolution
		Debug|x64 = Debug|x64
		Debug|x86 = Debug|x86
		Release|x64 = Release|x64
		Release|x86 = Release|x86
	EndGlobalSection
	GlobalSection(ProjectConfigurationPlatforms) = postSolution
		{BD4D5012-E13D-4B32-84D9-72998D21AB5D}.Debug|x64.ActiveCfg = Debug|x64
		{BD4D5012-E13D-4B32-84D9-72998D21AB5D}.Debug|x64.Build.0 = Debug|x64
		{BD4D5012-E13D-4B32-84D9-72998D21AB5D}.Debug|x86.ActiveCfg = Debug|Win32
		{BD4D5012-E13D-4B32-84D9-72998D21AB5D}.Debug|x86.Build.0 = Debug|Win32
		{BD4D5012-E13D-4B32-84D9-72998D21AB5D}.Release|x64.ActiveCfg = Release|x64
		{BD4D5012-E13D-4B32-84D9-72998D21AB5D}.Release|x64.Build.0 = Release|x64
		{BD4D5012-E13D-4B32-84D9-72998D21AB5D}.Release|x86.ActiveCfg = Release|Win32
		{BD4D5012-E13D-4B32-84D9-72998D21AB5D}.Release|x86.Build.0 = Release|Win32
		{B85D157E-70F7-4162-BB93-1C63E1B943FE}.Debug|x64.ActiveCfg = Debug|x64
		{B85D157E-70F7-4162-BB93-1C63E1B943FE}.Debug|x64.Build.0 = Debug|x64
		{B85D157E-70F7-4162-BB93-1C63E1B943FE}.Debug|x86.ActiveCfg = Debug|Win32
		{B85D157E-70F7-4162-BB93-1C63E1B943FE}.Debug|x86.Build.0 = Debug|Win32
		{B85D157E-70F7-4162-BB93-1C63E1B943FE}.Release|x64.ActiveCfg = Release|x64
		{B85D157E-70F7-4162-BB93-1C63E1B943FE}.Release|x64.Build.0 = Release|x64
		{B85D157E-70F7-4162-BB93-1C63E1B943FE}.Release|x86.ActiveCfg = Release|Win32
		{B85D157E-70F7-4162-BB93-1C63E1B943FE}.Release|x86.Build.0 = Release|Win32
		{18C40244-9093-46E3-9ACA-D8C599DF82FC}.Debug|x64.ActiveCfg = Debug|x64
		{18C40244-9093-46E3-9ACA-D8C599DF82FC}.Debug|x64.Build.0 = Debug|x64
		{18C40244-9093-46E3-9ACA-D8C599DF82FC}.Debug|x86.ActiveCfg = Debug|Win32
		{18C40244-9093-46E3-9ACA-D8C599DF82FC}.Debug|x86.Build.0 = Debug|Win32
		{18C40244-9093-46E3-9ACA-D8C599DF82FC}.Release|x64.ActiveCfg = Release|x64
		{18C40244-9093-46E3-9ACA-D8C599DF82FC}.Release|x64.Build.0 = Release|x64
		{18C40244-9093-46E3-9ACA-D8C599DF82FC}.Release|x86.ActiveCfg = Release|Win32
		{18C40244-9093-46E3-9ACA-D8C599DF82FC}.Release|x86.Build.0 = Release|Win32
		{2DDE1B9F-CDCB-4D07-8F4A-87C02E59026B}.Debug|x64.ActiveCfg = Debug|x64
		{2DDE1B9F-CDCB-4D07-8F4A-87C02E59026B}.Debug|x64.Build.0 = Debug|x64
		{2DDE1B9F-CDCB-4D07-8F4A-87C02E59026B}.Debug|x86.ActiveCfg = Debug|Win32
		{2DDE1B9F-CDCB-4D07-8F4A-87C02E59026B}.Debug|x86.Build.0 = Debug|Win32
		{2DDE1B9F-CDCB-4D07-8F4A-87C02E59026B}.Release|x64.ActiveCfg = Release|x64
		{2DDE1B9F-CDCB-4D07-8F4A-87C02E59026B}.Release|x64.Build.0 = Release|x64
		{2DDE1B9F-CDCB-4D07-8F4A-87C02E59026B}.Release|x86.ActiveCfg = Release|Win32
		{2DDE1B9F-CDCB-4D07-8F4A-87C02E59026B}.Release|x86.Build.0 = Release|Win32
	EndGlobalSection
	GlobalSection(SolutionProperties) = preSolution
		HideSolutionNode = FALSE
	EndGlobalSection
	GlobalSection(ExtensibilityGlobals) = postSolution
		SolutionGuid = {60EA1C1E-B303-479D-9940-3640DC1E9059}
	EndGlobalSection
EndGlobal
