
Microsoft Visual Studio Solution File, Format Version 12.00
# Visual Studio 15
VisualStudioVersion = 15.0.36001.139
MinimumVisualStudioVersion = 10.0.40219.1
Project("{8BC9CEB8-8B4A-11D0-8D11-00A0C91BC942}") = "Arrays", "Arrays\Arrays.vcxproj", "{C174D4BE-3020-4AE3-B9CA-838934576154}"
EndProject
Project("{8BC9CEB8-8B4A-11D0-8D11-00A0C91BC942}") = "Shift", "Shift\Shift.vcxproj", "{4FBA8D7F-E504-4CC3-A937-2E8B90E5F067}"
EndProject
Project("{8BC9CEB8-8B4A-11D0-8D11-00A0C91BC942}") = "UniqueRand", "UniqueRand\UniqueRand.vcxproj", "{BA035235-97FA-4AE3-96C2-D156637145AD}"
EndProject
Project("{8BC9CEB8-8B4A-11D0-8D11-00A0C91BC942}") = "Numerics", "Numerics\Numerics.vcxproj", "{9E37117D-2FA8-4F6E-9C2D-537EDBB470F5}"
EndProject
Project("{8BC9CEB8-8B4A-11D0-8D11-00A0C91BC942}") = "Arrays2", "Arrays2\Arrays2.vcxproj", "{158F122B-FEA8-4EA4-8134-09DDDF0CBC9C}"
EndProject
Project("{8BC9CEB8-8B4A-11D0-8D11-00A0C91BC942}") = "Unique2", "Unique2\Unique2.vcxproj", "{2D53707E-DADC-429B-B6B4-08D52799CACD}"
EndProject
Global
	GlobalSection(SolutionConfigurationPlatforms) = preSolution
		Debug|x64 = Debug|x64
		Debug|x86 = Debug|x86
		Release|x64 = Release|x64
		Release|x86 = Release|x86
	EndGlobalSection
	GlobalSection(ProjectConfigurationPlatforms) = postSolution
		{C174D4BE-3020-4AE3-B9CA-838934576154}.Debug|x64.ActiveCfg = Debug|x64
		{C174D4BE-3020-4AE3-B9CA-838934576154}.Debug|x64.Build.0 = Debug|x64
		{C174D4BE-3020-4AE3-B9CA-838934576154}.Debug|x86.ActiveCfg = Debug|Win32
		{C174D4BE-3020-4AE3-B9CA-838934576154}.Debug|x86.Build.0 = Debug|Win32
		{C174D4BE-3020-4AE3-B9CA-838934576154}.Release|x64.ActiveCfg = Release|x64
		{C174D4BE-3020-4AE3-B9CA-838934576154}.Release|x64.Build.0 = Release|x64
		{C174D4BE-3020-4AE3-B9CA-838934576154}.Release|x86.ActiveCfg = Release|Win32
		{C174D4BE-3020-4AE3-B9CA-838934576154}.Release|x86.Build.0 = Release|Win32
		{4FBA8D7F-E504-4CC3-A937-2E8B90E5F067}.Debug|x64.ActiveCfg = Debug|x64
		{4FBA8D7F-E504-4CC3-A937-2E8B90E5F067}.Debug|x64.Build.0 = Debug|x64
		{4FBA8D7F-E504-4CC3-A937-2E8B90E5F067}.Debug|x86.ActiveCfg = Debug|Win32
		{4FBA8D7F-E504-4CC3-A937-2E8B90E5F067}.Debug|x86.Build.0 = Debug|Win32
		{4FBA8D7F-E504-4CC3-A937-2E8B90E5F067}.Release|x64.ActiveCfg = Release|x64
		{4FBA8D7F-E504-4CC3-A937-2E8B90E5F067}.Release|x64.Build.0 = Release|x64
		{4FBA8D7F-E504-4CC3-A937-2E8B90E5F067}.Release|x86.ActiveCfg = Release|Win32
		{4FBA8D7F-E504-4CC3-A937-2E8B90E5F067}.Release|x86.Build.0 = Release|Win32
		{BA035235-97FA-4AE3-96C2-D156637145AD}.Debug|x64.ActiveCfg = Debug|x64
		{BA035235-97FA-4AE3-96C2-D156637145AD}.Debug|x64.Build.0 = Debug|x64
		{BA035235-97FA-4AE3-96C2-D156637145AD}.Debug|x86.ActiveCfg = Debug|Win32
		{BA035235-97FA-4AE3-96C2-D156637145AD}.Debug|x86.Build.0 = Debug|Win32
		{BA035235-97FA-4AE3-96C2-D156637145AD}.Release|x64.ActiveCfg = Release|x64
		{BA035235-97FA-4AE3-96C2-D156637145AD}.Release|x64.Build.0 = Release|x64
		{BA035235-97FA-4AE3-96C2-D156637145AD}.Release|x86.ActiveCfg = Release|Win32
		{BA035235-97FA-4AE3-96C2-D156637145AD}.Release|x86.Build.0 = Release|Win32
		{9E37117D-2FA8-4F6E-9C2D-537EDBB470F5}.Debug|x64.ActiveCfg = Debug|x64
		{9E37117D-2FA8-4F6E-9C2D-537EDBB470F5}.Debug|x64.Build.0 = Debug|x64
		{9E37117D-2FA8-4F6E-9C2D-537EDBB470F5}.Debug|x86.ActiveCfg = Debug|Win32
		{9E37117D-2FA8-4F6E-9C2D-537EDBB470F5}.Debug|x86.Build.0 = Debug|Win32
		{9E37117D-2FA8-4F6E-9C2D-537EDBB470F5}.Release|x64.ActiveCfg = Release|x64
		{9E37117D-2FA8-4F6E-9C2D-537EDBB470F5}.Release|x64.Build.0 = Release|x64
		{9E37117D-2FA8-4F6E-9C2D-537EDBB470F5}.Release|x86.ActiveCfg = Release|Win32
		{9E37117D-2FA8-4F6E-9C2D-537EDBB470F5}.Release|x86.Build.0 = Release|Win32
		{158F122B-FEA8-4EA4-8134-09DDDF0CBC9C}.Debug|x64.ActiveCfg = Debug|x64
		{158F122B-FEA8-4EA4-8134-09DDDF0CBC9C}.Debug|x64.Build.0 = Debug|x64
		{158F122B-FEA8-4EA4-8134-09DDDF0CBC9C}.Debug|x86.ActiveCfg = Debug|Win32
		{158F122B-FEA8-4EA4-8134-09DDDF0CBC9C}.Debug|x86.Build.0 = Debug|Win32
		{158F122B-FEA8-4EA4-8134-09DDDF0CBC9C}.Release|x64.ActiveCfg = Release|x64
		{158F122B-FEA8-4EA4-8134-09DDDF0CBC9C}.Release|x64.Build.0 = Release|x64
		{158F122B-FEA8-4EA4-8134-09DDDF0CBC9C}.Release|x86.ActiveCfg = Release|Win32
		{158F122B-FEA8-4EA4-8134-09DDDF0CBC9C}.Release|x86.Build.0 = Release|Win32
		{2D53707E-DADC-429B-B6B4-08D52799CACD}.Debug|x64.ActiveCfg = Debug|x64
		{2D53707E-DADC-429B-B6B4-08D52799CACD}.Debug|x64.Build.0 = Debug|x64
		{2D53707E-DADC-429B-B6B4-08D52799CACD}.Debug|x86.ActiveCfg = Debug|Win32
		{2D53707E-DADC-429B-B6B4-08D52799CACD}.Debug|x86.Build.0 = Debug|Win32
		{2D53707E-DADC-429B-B6B4-08D52799CACD}.Release|x64.ActiveCfg = Release|x64
		{2D53707E-DADC-429B-B6B4-08D52799CACD}.Release|x64.Build.0 = Release|x64
		{2D53707E-DADC-429B-B6B4-08D52799CACD}.Release|x86.ActiveCfg = Release|Win32
		{2D53707E-DADC-429B-B6B4-08D52799CACD}.Release|x86.Build.0 = Release|Win32
	EndGlobalSection
	GlobalSection(SolutionProperties) = preSolution
		HideSolutionNode = FALSE
	EndGlobalSection
	GlobalSection(ExtensibilityGlobals) = postSolution
		SolutionGuid = {0E9F14DA-34A3-41DC-B3F0-0189C18907E5}
	EndGlobalSection
EndGlobal
