
Microsoft Visual Studio Solution File, Format Version 12.00
# Visual Studio 15
VisualStudioVersion = 15.0.34930.48
MinimumVisualStudioVersion = 10.0.40219.1
Project("{8BC9CEB8-8B4A-11D0-8D11-00A0C91BC942}") = "ControlStructures", "ControlStructures\ControlStructures.vcxproj", "{25A1049F-B99D-4339-9A5B-E2707DFE79FF}"
EndProject
Project("{8BC9CEB8-8B4A-11D0-8D11-00A0C91BC942}") = "Calc", "Calc\Calc.vcxproj", "{E6027AF0-4134-4C1B-8C8B-672438D22363}"
EndProject
Project("{8BC9CEB8-8B4A-11D0-8D11-00A0C91BC942}") = "Loops", "Loops\Loops.vcxproj", "{9781BBD7-0015-42E7-9C19-015BA896A20A}"
EndProject
Project("{8BC9CEB8-8B4A-11D0-8D11-00A0C91BC942}") = "HomeWork", "HomeWork\HomeWork.vcxproj", "{811C42F9-9359-4F8F-A4E9-ED5319F10416}"
EndProject
Project("{8BC9CEB8-8B4A-11D0-8D11-00A0C91BC942}") = "Palindrome", "Palindrome\Palindrome.vcxproj", "{2008C236-F89F-45B7-8139-83B006CA73F3}"
EndProject
Project("{8BC9CEB8-8B4A-11D0-8D11-00A0C91BC942}") = "FOR", "FOR\FOR.vcxproj", "{C8AC8F54-3973-4125-8146-E23C845CF017}"
EndProject
Project("{8BC9CEB8-8B4A-11D0-8D11-00A0C91BC942}") = "Shooter", "Shooter\Shooter.vcxproj", "{1A7F599E-81BA-4BF2-81FF-5E90ADBFD141}"
EndProject
Project("{8BC9CEB8-8B4A-11D0-8D11-00A0C91BC942}") = "Shooter2", "Shooter2\Shooter2.vcxproj", "{7D151C89-8D20-49A0-A1DF-257F04ABB228}"
EndProject
Project("{8BC9CEB8-8B4A-11D0-8D11-00A0C91BC942}") = "Geometry", "Geometry\Geometry.vcxproj", "{4E18A1C9-4757-40A3-BA43-A986AFF4A8C0}"
EndProject
Project("{8BC9CEB8-8B4A-11D0-8D11-00A0C91BC942}") = "Chess", "Chess\Chess.vcxproj", "{414BB124-5E38-4823-97BF-35A2C7B7061E}"
EndProject
Project("{8BC9CEB8-8B4A-11D0-8D11-00A0C91BC942}") = "HardChess", "HardChess\HardChess.vcxproj", "{CF9F7BFE-4FEC-4C21-A2DA-F2CAF512838B}"
EndProject
Global
	GlobalSection(SolutionConfigurationPlatforms) = preSolution
		Debug|x64 = Debug|x64
		Debug|x86 = Debug|x86
		Release|x64 = Release|x64
		Release|x86 = Release|x86
	EndGlobalSection
	GlobalSection(ProjectConfigurationPlatforms) = postSolution
		{25A1049F-B99D-4339-9A5B-E2707DFE79FF}.Debug|x64.ActiveCfg = Debug|x64
		{25A1049F-B99D-4339-9A5B-E2707DFE79FF}.Debug|x64.Build.0 = Debug|x64
		{25A1049F-B99D-4339-9A5B-E2707DFE79FF}.Debug|x86.ActiveCfg = Debug|Win32
		{25A1049F-B99D-4339-9A5B-E2707DFE79FF}.Debug|x86.Build.0 = Debug|Win32
		{25A1049F-B99D-4339-9A5B-E2707DFE79FF}.Release|x64.ActiveCfg = Release|x64
		{25A1049F-B99D-4339-9A5B-E2707DFE79FF}.Release|x64.Build.0 = Release|x64
		{25A1049F-B99D-4339-9A5B-E2707DFE79FF}.Release|x86.ActiveCfg = Release|Win32
		{25A1049F-B99D-4339-9A5B-E2707DFE79FF}.Release|x86.Build.0 = Release|Win32
		{E6027AF0-4134-4C1B-8C8B-672438D22363}.Debug|x64.ActiveCfg = Debug|x64
		{E6027AF0-4134-4C1B-8C8B-672438D22363}.Debug|x64.Build.0 = Debug|x64
		{E6027AF0-4134-4C1B-8C8B-672438D22363}.Debug|x86.ActiveCfg = Debug|Win32
		{E6027AF0-4134-4C1B-8C8B-672438D22363}.Debug|x86.Build.0 = Debug|Win32
		{E6027AF0-4134-4C1B-8C8B-672438D22363}.Release|x64.ActiveCfg = Release|x64
		{E6027AF0-4134-4C1B-8C8B-672438D22363}.Release|x64.Build.0 = Release|x64
		{E6027AF0-4134-4C1B-8C8B-672438D22363}.Release|x86.ActiveCfg = Release|Win32
		{E6027AF0-4134-4C1B-8C8B-672438D22363}.Release|x86.Build.0 = Release|Win32
		{9781BBD7-0015-42E7-9C19-015BA896A20A}.Debug|x64.ActiveCfg = Debug|x64
		{9781BBD7-0015-42E7-9C19-015BA896A20A}.Debug|x64.Build.0 = Debug|x64
		{9781BBD7-0015-42E7-9C19-015BA896A20A}.Debug|x86.ActiveCfg = Debug|Win32
		{9781BBD7-0015-42E7-9C19-015BA896A20A}.Debug|x86.Build.0 = Debug|Win32
		{9781BBD7-0015-42E7-9C19-015BA896A20A}.Release|x64.ActiveCfg = Release|x64
		{9781BBD7-0015-42E7-9C19-015BA896A20A}.Release|x64.Build.0 = Release|x64
		{9781BBD7-0015-42E7-9C19-015BA896A20A}.Release|x86.ActiveCfg = Release|Win32
		{9781BBD7-0015-42E7-9C19-015BA896A20A}.Release|x86.Build.0 = Release|Win32
		{811C42F9-9359-4F8F-A4E9-ED5319F10416}.Debug|x64.ActiveCfg = Debug|x64
		{811C42F9-9359-4F8F-A4E9-ED5319F10416}.Debug|x64.Build.0 = Debug|x64
		{811C42F9-9359-4F8F-A4E9-ED5319F10416}.Debug|x86.ActiveCfg = Debug|Win32
		{811C42F9-9359-4F8F-A4E9-ED5319F10416}.Debug|x86.Build.0 = Debug|Win32
		{811C42F9-9359-4F8F-A4E9-ED5319F10416}.Release|x64.ActiveCfg = Release|x64
		{811C42F9-9359-4F8F-A4E9-ED5319F10416}.Release|x64.Build.0 = Release|x64
		{811C42F9-9359-4F8F-A4E9-ED5319F10416}.Release|x86.ActiveCfg = Release|Win32
		{811C42F9-9359-4F8F-A4E9-ED5319F10416}.Release|x86.Build.0 = Release|Win32
		{2008C236-F89F-45B7-8139-83B006CA73F3}.Debug|x64.ActiveCfg = Debug|x64
		{2008C236-F89F-45B7-8139-83B006CA73F3}.Debug|x64.Build.0 = Debug|x64
		{2008C236-F89F-45B7-8139-83B006CA73F3}.Debug|x86.ActiveCfg = Debug|Win32
		{2008C236-F89F-45B7-8139-83B006CA73F3}.Debug|x86.Build.0 = Debug|Win32
		{2008C236-F89F-45B7-8139-83B006CA73F3}.Release|x64.ActiveCfg = Release|x64
		{2008C236-F89F-45B7-8139-83B006CA73F3}.Release|x64.Build.0 = Release|x64
		{2008C236-F89F-45B7-8139-83B006CA73F3}.Release|x86.ActiveCfg = Release|Win32
		{2008C236-F89F-45B7-8139-83B006CA73F3}.Release|x86.Build.0 = Release|Win32
		{C8AC8F54-3973-4125-8146-E23C845CF017}.Debug|x64.ActiveCfg = Debug|x64
		{C8AC8F54-3973-4125-8146-E23C845CF017}.Debug|x64.Build.0 = Debug|x64
		{C8AC8F54-3973-4125-8146-E23C845CF017}.Debug|x86.ActiveCfg = Debug|Win32
		{C8AC8F54-3973-4125-8146-E23C845CF017}.Debug|x86.Build.0 = Debug|Win32
		{C8AC8F54-3973-4125-8146-E23C845CF017}.Release|x64.ActiveCfg = Release|x64
		{C8AC8F54-3973-4125-8146-E23C845CF017}.Release|x64.Build.0 = Release|x64
		{C8AC8F54-3973-4125-8146-E23C845CF017}.Release|x86.ActiveCfg = Release|Win32
		{C8AC8F54-3973-4125-8146-E23C845CF017}.Release|x86.Build.0 = Release|Win32
		{1A7F599E-81BA-4BF2-81FF-5E90ADBFD141}.Debug|x64.ActiveCfg = Debug|x64
		{1A7F599E-81BA-4BF2-81FF-5E90ADBFD141}.Debug|x64.Build.0 = Debug|x64
		{1A7F599E-81BA-4BF2-81FF-5E90ADBFD141}.Debug|x86.ActiveCfg = Debug|Win32
		{1A7F599E-81BA-4BF2-81FF-5E90ADBFD141}.Debug|x86.Build.0 = Debug|Win32
		{1A7F599E-81BA-4BF2-81FF-5E90ADBFD141}.Release|x64.ActiveCfg = Release|x64
		{1A7F599E-81BA-4BF2-81FF-5E90ADBFD141}.Release|x64.Build.0 = Release|x64
		{1A7F599E-81BA-4BF2-81FF-5E90ADBFD141}.Release|x86.ActiveCfg = Release|Win32
		{1A7F599E-81BA-4BF2-81FF-5E90ADBFD141}.Release|x86.Build.0 = Release|Win32
		{7D151C89-8D20-49A0-A1DF-257F04ABB228}.Debug|x64.ActiveCfg = Debug|x64
		{7D151C89-8D20-49A0-A1DF-257F04ABB228}.Debug|x64.Build.0 = Debug|x64
		{7D151C89-8D20-49A0-A1DF-257F04ABB228}.Debug|x86.ActiveCfg = Debug|Win32
		{7D151C89-8D20-49A0-A1DF-257F04ABB228}.Debug|x86.Build.0 = Debug|Win32
		{7D151C89-8D20-49A0-A1DF-257F04ABB228}.Release|x64.ActiveCfg = Release|x64
		{7D151C89-8D20-49A0-A1DF-257F04ABB228}.Release|x64.Build.0 = Release|x64
		{7D151C89-8D20-49A0-A1DF-257F04ABB228}.Release|x86.ActiveCfg = Release|Win32
		{7D151C89-8D20-49A0-A1DF-257F04ABB228}.Release|x86.Build.0 = Release|Win32
		{4E18A1C9-4757-40A3-BA43-A986AFF4A8C0}.Debug|x64.ActiveCfg = Debug|x64
		{4E18A1C9-4757-40A3-BA43-A986AFF4A8C0}.Debug|x64.Build.0 = Debug|x64
		{4E18A1C9-4757-40A3-BA43-A986AFF4A8C0}.Debug|x86.ActiveCfg = Debug|Win32
		{4E18A1C9-4757-40A3-BA43-A986AFF4A8C0}.Debug|x86.Build.0 = Debug|Win32
		{4E18A1C9-4757-40A3-BA43-A986AFF4A8C0}.Release|x64.ActiveCfg = Release|x64
		{4E18A1C9-4757-40A3-BA43-A986AFF4A8C0}.Release|x64.Build.0 = Release|x64
		{4E18A1C9-4757-40A3-BA43-A986AFF4A8C0}.Release|x86.ActiveCfg = Release|Win32
		{4E18A1C9-4757-40A3-BA43-A986AFF4A8C0}.Release|x86.Build.0 = Release|Win32
		{414BB124-5E38-4823-97BF-35A2C7B7061E}.Debug|x64.ActiveCfg = Debug|x64
		{414BB124-5E38-4823-97BF-35A2C7B7061E}.Debug|x64.Build.0 = Debug|x64
		{414BB124-5E38-4823-97BF-35A2C7B7061E}.Debug|x86.ActiveCfg = Debug|Win32
		{414BB124-5E38-4823-97BF-35A2C7B7061E}.Debug|x86.Build.0 = Debug|Win32
		{414BB124-5E38-4823-97BF-35A2C7B7061E}.Release|x64.ActiveCfg = Release|x64
		{414BB124-5E38-4823-97BF-35A2C7B7061E}.Release|x64.Build.0 = Release|x64
		{414BB124-5E38-4823-97BF-35A2C7B7061E}.Release|x86.ActiveCfg = Release|Win32
		{414BB124-5E38-4823-97BF-35A2C7B7061E}.Release|x86.Build.0 = Release|Win32
		{CF9F7BFE-4FEC-4C21-A2DA-F2CAF512838B}.Debug|x64.ActiveCfg = Debug|x64
		{CF9F7BFE-4FEC-4C21-A2DA-F2CAF512838B}.Debug|x64.Build.0 = Debug|x64
		{CF9F7BFE-4FEC-4C21-A2DA-F2CAF512838B}.Debug|x86.ActiveCfg = Debug|Win32
		{CF9F7BFE-4FEC-4C21-A2DA-F2CAF512838B}.Debug|x86.Build.0 = Debug|Win32
		{CF9F7BFE-4FEC-4C21-A2DA-F2CAF512838B}.Release|x64.ActiveCfg = Release|x64
		{CF9F7BFE-4FEC-4C21-A2DA-F2CAF512838B}.Release|x64.Build.0 = Release|x64
		{CF9F7BFE-4FEC-4C21-A2DA-F2CAF512838B}.Release|x86.ActiveCfg = Release|Win32
		{CF9F7BFE-4FEC-4C21-A2DA-F2CAF512838B}.Release|x86.Build.0 = Release|Win32
	EndGlobalSection
	GlobalSection(SolutionProperties) = preSolution
		HideSolutionNode = FALSE
	EndGlobalSection
	GlobalSection(ExtensibilityGlobals) = postSolution
		SolutionGuid = {4A7CA0A4-57DB-409A-ADF8-1C16B5283BE3}
	EndGlobalSection
EndGlobal
